
Microsoft Visual Studio Solution File, Format Version 12.00
# Visual Studio Version 16
VisualStudioVersion = 16.0.30711.63
MinimumVisualStudioVersion = 10.0.40219.1
Project("{FAE04EC0-301F-11D3-BF4B-00C04F79EFBC}") = "fociVBk", "fociVBk\fociVBk.csproj", "{35999713-8765-48EE-B405-4A1CAC5076BA}"
EndProject
Global
	GlobalSection(SolutionConfigurationPlatforms) = preSolution
		Debug|Any CPU = Debug|Any CPU
		Release|Any CPU = Release|Any CPU
	EndGlobalSection
	GlobalSection(ProjectConfigurationPlatforms) = postSolution
		{35999713-8765-48EE-B405-4A1CAC5076BA}.Debug|Any CPU.ActiveCfg = Debug|Any CPU
		{35999713-8765-48EE-B405-4A1CAC5076BA}.Debug|Any CPU.Build.0 = Debug|Any CPU
		{35999713-8765-48EE-B405-4A1CAC5076BA}.Release|Any CPU.ActiveCfg = Release|Any CPU
		{35999713-8765-48EE-B405-4A1CAC5076BA}.Release|Any CPU.Build.0 = Release|Any CPU
	EndGlobalSection
	GlobalSection(SolutionProperties) = preSolution
		HideSolutionNode = FALSE
	EndGlobalSection
	GlobalSection(ExtensibilityGlobals) = postSolution
		SolutionGuid = {39EA26DF-CB15-4F3B-807A-BC2DCE916409}
	EndGlobalSection
EndGlobal
